# THIS IS AN AUTOGENERATED FILE. DO NOT EDIT THIS FILE DIRECTLY.
# yarn lockfile v1


"@ant-design/colors@^5.0.0":
  version "5.0.0"
  resolved "https://registry.yarnpkg.com/@ant-design/colors/-/colors-5.0.0.tgz#46b73b4cc6935b35fc8b84555e8e42c8cfc190e6"
  integrity sha512-Pe1rYorgVC1v4f+InDXvIlQH715pO1g7BsOhy/ehX/U6ebPKqojmkYJKU3lF+84Zmvyar7ngZ28hesAa1nWjLg==
  dependencies:
    "@ctrl/tinycolor" "^3.1.6"

"@ctrl/tinycolor@^3.1.6":
  version "3.2.0"
  resolved "https://registry.yarnpkg.com/@ctrl/tinycolor/-/tinycolor-3.2.0.tgz#77a8a33edb2fdc02318c828be78f6fb3d6c65eb2"
  integrity sha512-cP1tbXA1qJp/er2CJaO+Pbe38p7RlhV9WytUxUe79xj++Q6s/jKVvzJ9U2dF9f1/lZAdG+j94A38CsNR+uW4gw==
